
Microsoft Visual Studio Solution File, Format Version 12.00
# Visual Studio Version 17
VisualStudioVersion = 17.6.33815.320
MinimumVisualStudioVersion = 10.0.40219.1
Project("{9A19103F-16F7-4668-BE54-9A1E7A4F7556}") = "P01", "P01\P01.csproj", "{1BD5D237-DD89-446E-8F42-C7CC8E54512C}"
EndProject
Project("{9A19103F-16F7-4668-BE54-9A1E7A4F7556}") = "P02", "P02\P02.csproj", "{D7923B51-DEF3-4A1A-9728-9B03BBC197FB}"
EndProject
Project("{9A19103F-16F7-4668-BE54-9A1E7A4F7556}") = "P03", "P03\P03.csproj", "{E0B060C4-35BF-4AB8-8912-23EAEDBD0381}"
EndProject
Global
	GlobalSection(SolutionConfigurationPlatforms) = preSolution
		Debug|Any CPU = Debug|Any CPU
		Release|Any CPU = Release|Any CPU
	EndGlobalSection
	GlobalSection(ProjectConfigurationPlatforms) = postSolution
		{1BD5D237-DD89-446E-8F42-C7CC8E54512C}.Debug|Any CPU.ActiveCfg = Debug|Any CPU
		{1BD5D237-DD89-446E-8F42-C7CC8E54512C}.Debug|Any CPU.Build.0 = Debug|Any CPU
		{1BD5D237-DD89-446E-8F42-C7CC8E54512C}.Release|Any CPU.ActiveCfg = Release|Any CPU
		{1BD5D237-DD89-446E-8F42-C7CC8E54512C}.Release|Any CPU.Build.0 = Release|Any CPU
		{D7923B51-DEF3-4A1A-9728-9B03BBC197FB}.Debug|Any CPU.ActiveCfg = Debug|Any CPU
		{D7923B51-DEF3-4A1A-9728-9B03BBC197FB}.Debug|Any CPU.Build.0 = Debug|Any CPU
		{D7923B51-DEF3-4A1A-9728-9B03BBC197FB}.Release|Any CPU.ActiveCfg = Release|Any CPU
		{D7923B51-DEF3-4A1A-9728-9B03BBC197FB}.Release|Any CPU.Build.0 = Release|Any CPU
		{E0B060C4-35BF-4AB8-8912-23EAEDBD0381}.Debug|Any CPU.ActiveCfg = Debug|Any CPU
		{E0B060C4-35BF-4AB8-8912-23EAEDBD0381}.Debug|Any CPU.Build.0 = Debug|Any CPU
		{E0B060C4-35BF-4AB8-8912-23EAEDBD0381}.Release|Any CPU.ActiveCfg = Release|Any CPU
		{E0B060C4-35BF-4AB8-8912-23EAEDBD0381}.Release|Any CPU.Build.0 = Release|Any CPU
	EndGlobalSection
	GlobalSection(SolutionProperties) = preSolution
		HideSolutionNode = FALSE
	EndGlobalSection
	GlobalSection(ExtensibilityGlobals) = postSolution
		SolutionGuid = {B719F014-FCA2-4583-8B3E-2CF517F5A477}
	EndGlobalSection
EndGlobal
